// !$*UTF8*$!
{
	archiveVersion = 1;
	classes = {
	};
	objectVersion = 50;
	objects = {

/* Begin PBXBuildFile section */
		1A3F1724267B9DE800F6CD70 /* AppDelegate.swift in Sources */ = {isa = PBXBuildFile; fileRef = 1A3F1723267B9DE800F6CD70 /* AppDelegate.swift */; };
		1A3F1726267B9DE800F6CD70 /* SceneDelegate.swift in Sources */ = {isa = PBXBuildFile; fileRef = 1A3F1725267B9DE800F6CD70 /* SceneDelegate.swift */; };
		1A3F172D267B9DEC00F6CD70 /* Assets.xcassets in Resources */ = {isa = PBXBuildFile; fileRef = 1A3F172C267B9DEC00F6CD70 /* Assets.xcassets */; };
		1A3F1730267B9DEC00F6CD70 /* LaunchScreen.storyboard in Resources */ = {isa = PBXBuildFile; fileRef = 1A3F172E267B9DEC00F6CD70 /* LaunchScreen.storyboard */; };
		1A3F173D267B9FBC00F6CD70 /* Coordinator.swift in Sources */ = {isa = PBXBuildFile; fileRef = 1A3F173C267B9FBC00F6CD70 /* Coordinator.swift */; };
		1A3F173F267B9FCD00F6CD70 /* MainCoordinator.swift in Sources */ = {isa = PBXBuildFile; fileRef = 1A3F173E267B9FCD00F6CD70 /* MainCoordinator.swift */; };
		1A3F1741267B9FEB00F6CD70 /* HomeVC.swift in Sources */ = {isa = PBXBuildFile; fileRef = 1A3F1740267B9FEB00F6CD70 /* HomeVC.swift */; };
		1A3F1744267BACB000F6CD70 /* ApiController.swift in Sources */ = {isa = PBXBuildFile; fileRef = 1A3F1743267BACB000F6CD70 /* ApiController.swift */; };
		1A3F1748267BAD4300F6CD70 /* RandomArt.xcdatamodeld in Sources */ = {isa = PBXBuildFile; fileRef = 1A3F1746267BAD4300F6CD70 /* RandomArt.xcdatamodeld */; };
		1A3F174A267BAD6C00F6CD70 /* CoreDataStack.swift in Sources */ = {isa = PBXBuildFile; fileRef = 1A3F1749267BAD6C00F6CD70 /* CoreDataStack.swift */; };
		1A3F174C267BAE6E00F6CD70 /* Department+Convenience.swift in Sources */ = {isa = PBXBuildFile; fileRef = 1A3F174B267BAE6E00F6CD70 /* Department+Convenience.swift */; };
		1A3F174E267BAF1A00F6CD70 /* DepartmentRepresentation.swift in Sources */ = {isa = PBXBuildFile; fileRef = 1A3F174D267BAF1A00F6CD70 /* DepartmentRepresentation.swift */; };
		1A3F1750267BB0C900F6CD70 /* Constants.swift in Sources */ = {isa = PBXBuildFile; fileRef = 1A3F174F267BB0C900F6CD70 /* Constants.swift */; };
/* End PBXBuildFile section */

/* Begin PBXFileReference section */
		1A3F1720267B9DE800F6CD70 /* RandomArt.app */ = {isa = PBXFileReference; explicitFileType = wrapper.application; includeInIndex = 0; path = RandomArt.app; sourceTree = BUILT_PRODUCTS_DIR; };
		1A3F1723267B9DE800F6CD70 /* AppDelegate.swift */ = {isa = PBXFileReference; lastKnownFileType = sourcecode.swift; path = AppDelegate.swift; sourceTree = "<group>"; };
		1A3F1725267B9DE800F6CD70 /* SceneDelegate.swift */ = {isa = PBXFileReference; lastKnownFileType = sourcecode.swift; path = SceneDelegate.swift; sourceTree = "<group>"; };
		1A3F172C267B9DEC00F6CD70 /* Assets.xcassets */ = {isa = PBXFileReference; lastKnownFileType = folder.assetcatalog; path = Assets.xcassets; sourceTree = "<group>"; };
		1A3F172F267B9DEC00F6CD70 /* Base */ = {isa = PBXFileReference; lastKnownFileType = file.storyboard; name = Base; path = Base.lproj/LaunchScreen.storyboard; sourceTree = "<group>"; };
		1A3F1731267B9DED00F6CD70 /* Info.plist */ = {isa = PBXFileReference; lastKnownFileType = text.plist.xml; path = Info.plist; sourceTree = "<group>"; };
		1A3F173C267B9FBC00F6CD70 /* Coordinator.swift */ = {isa = PBXFileReference; lastKnownFileType = sourcecode.swift; path = Coordinator.swift; sourceTree = "<group>"; };
		1A3F173E267B9FCD00F6CD70 /* MainCoordinator.swift */ = {isa = PBXFileReference; lastKnownFileType = sourcecode.swift; path = MainCoordinator.swift; sourceTree = "<group>"; };
		1A3F1740267B9FEB00F6CD70 /* HomeVC.swift */ = {isa = PBXFileReference; lastKnownFileType = sourcecode.swift; path = HomeVC.swift; sourceTree = "<group>"; };
		1A3F1743267BACB000F6CD70 /* ApiController.swift */ = {isa = PBXFileReference; lastKnownFileType = sourcecode.swift; path = ApiController.swift; sourceTree = "<group>"; };
		1A3F1747267BAD4300F6CD70 /* RandomArt.xcdatamodel */ = {isa = PBXFileReference; lastKnownFileType = wrapper.xcdatamodel; path = RandomArt.xcdatamodel; sourceTree = "<group>"; };
		1A3F1749267BAD6C00F6CD70 /* CoreDataStack.swift */ = {isa = PBXFileReference; lastKnownFileType = sourcecode.swift; path = CoreDataStack.swift; sourceTree = "<group>"; };
		1A3F174B267BAE6E00F6CD70 /* Department+Convenience.swift */ = {isa = PBXFileReference; lastKnownFileType = sourcecode.swift; path = "Department+Convenience.swift"; sourceTree = "<group>"; };
		1A3F174D267BAF1A00F6CD70 /* DepartmentRepresentation.swift */ = {isa = PBXFileReference; lastKnownFileType = sourcecode.swift; path = DepartmentRepresentation.swift; sourceTree = "<group>"; };
		1A3F174F267BB0C900F6CD70 /* Constants.swift */ = {isa = PBXFileReference; lastKnownFileType = sourcecode.swift; path = Constants.swift; sourceTree = "<group>"; };
/* End PBXFileReference section */

/* Begin PBXFrameworksBuildPhase section */
		1A3F171D267B9DE800F6CD70 /* Frameworks */ = {
			isa = PBXFrameworksBuildPhase;
			buildActionMask = 2147483647;
			files = (
			);
			runOnlyForDeploymentPostprocessing = 0;
		};
/* End PBXFrameworksBuildPhase section */

/* Begin PBXGroup section */
		1A3F1717267B9DE700F6CD70 = {
			isa = PBXGroup;
			children = (
				1A3F1722267B9DE800F6CD70 /* RandomArt */,
				1A3F1721267B9DE800F6CD70 /* Products */,
			);
			sourceTree = "<group>";
		};
		1A3F1721267B9DE800F6CD70 /* Products */ = {
			isa = PBXGroup;
			children = (
				1A3F1720267B9DE800F6CD70 /* RandomArt.app */,
			);
			name = Products;
			sourceTree = "<group>";
		};
		1A3F1722267B9DE800F6CD70 /* RandomArt */ = {
			isa = PBXGroup;
			children = (
				1A3F1745267BAD2100F6CD70 /* Models */,
				1A3F1742267BAC8100F6CD70 /* ModelController */,
				1A3F1739267B9F7600F6CD70 /* ViewControllers */,
				1A3F1738267B9F4800F6CD70 /* Helpers */,
				1A3F1737267B9F2C00F6CD70 /* AppLifecycle */,
				1A3F172C267B9DEC00F6CD70 /* Assets.xcassets */,
				1A3F1731267B9DED00F6CD70 /* Info.plist */,
			);
			path = RandomArt;
			sourceTree = "<group>";
		};
		1A3F1737267B9F2C00F6CD70 /* AppLifecycle */ = {
			isa = PBXGroup;
			children = (
				1A3F1723267B9DE800F6CD70 /* AppDelegate.swift */,
				1A3F1725267B9DE800F6CD70 /* SceneDelegate.swift */,
				1A3F173E267B9FCD00F6CD70 /* MainCoordinator.swift */,
				1A3F172E267B9DEC00F6CD70 /* LaunchScreen.storyboard */,
			);
			path = AppLifecycle;
			sourceTree = "<group>";
		};
		1A3F1738267B9F4800F6CD70 /* Helpers */ = {
			isa = PBXGroup;
			children = (
				1A3F173C267B9FBC00F6CD70 /* Coordinator.swift */,
				1A3F174F267BB0C900F6CD70 /* Constants.swift */,
			);
			path = Helpers;
			sourceTree = "<group>";
		};
		1A3F1739267B9F7600F6CD70 /* ViewControllers */ = {
			isa = PBXGroup;
			children = (
				1A3F1740267B9FEB00F6CD70 /* HomeVC.swift */,
			);
			path = ViewControllers;
			sourceTree = "<group>";
		};
		1A3F1742267BAC8100F6CD70 /* ModelController */ = {
			isa = PBXGroup;
			children = (
				1A3F1743267BACB000F6CD70 /* ApiController.swift */,
			);
			path = ModelController;
			sourceTree = "<group>";
		};
		1A3F1745267BAD2100F6CD70 /* Models */ = {
			isa = PBXGroup;
			children = (
				1A3F1746267BAD4300F6CD70 /* RandomArt.xcdatamodeld */,
				1A3F1749267BAD6C00F6CD70 /* CoreDataStack.swift */,
				1A3F174B267BAE6E00F6CD70 /* Department+Convenience.swift */,
				1A3F174D267BAF1A00F6CD70 /* DepartmentRepresentation.swift */,
			);
			path = Models;
			sourceTree = "<group>";
		};
/* End PBXGroup section */

/* Begin PBXNativeTarget section */
		1A3F171F267B9DE800F6CD70 /* RandomArt */ = {
			isa = PBXNativeTarget;
			buildConfigurationList = 1A3F1734267B9DED00F6CD70 /* Build configuration list for PBXNativeTarget "RandomArt" */;
			buildPhases = (
				1A3F171C267B9DE800F6CD70 /* Sources */,
				1A3F171D267B9DE800F6CD70 /* Frameworks */,
				1A3F171E267B9DE800F6CD70 /* Resources */,
			);
			buildRules = (
			);
			dependencies = (
			);
			name = RandomArt;
			productName = RandomArt;
			productReference = 1A3F1720267B9DE800F6CD70 /* RandomArt.app */;
			productType = "com.apple.product-type.application";
		};
/* End PBXNativeTarget section */

/* Begin PBXProject section */
		1A3F1718267B9DE700F6CD70 /* Project object */ = {
			isa = PBXProject;
			attributes = {
				LastSwiftUpdateCheck = 1250;
				LastUpgradeCheck = 1250;
				TargetAttributes = {
					1A3F171F267B9DE800F6CD70 = {
						CreatedOnToolsVersion = 12.5;
					};
				};
			};
			buildConfigurationList = 1A3F171B267B9DE800F6CD70 /* Build configuration list for PBXProject "RandomArt" */;
			compatibilityVersion = "Xcode 9.3";
			developmentRegion = en;
			hasScannedForEncodings = 0;
			knownRegions = (
				en,
				Base,
			);
			mainGroup = 1A3F1717267B9DE700F6CD70;
			productRefGroup = 1A3F1721267B9DE800F6CD70 /* Products */;
			projectDirPath = "";
			projectRoot = "";
			targets = (
				1A3F171F267B9DE800F6CD70 /* RandomArt */,
			);
		};
/* End PBXProject section */

/* Begin PBXResourcesBuildPhase section */
		1A3F171E267B9DE800F6CD70 /* Resources */ = {
			isa = PBXResourcesBuildPhase;
			buildActionMask = 2147483647;
			files = (
				1A3F1730267B9DEC00F6CD70 /* LaunchScreen.storyboard in Resources */,
				1A3F172D267B9DEC00F6CD70 /* Assets.xcassets in Resources */,
			);
			runOnlyForDeploymentPostprocessing = 0;
		};
/* End PBXResourcesBuildPhase section */

/* Begin PBXSourcesBuildPhase section */
		1A3F171C267B9DE800F6CD70 /* Sources */ = {
			isa = PBXSourcesBuildPhase;
			buildActionMask = 2147483647;
			files = (
				1A3F1724267B9DE800F6CD70 /* AppDelegate.swift in Sources */,
				1A3F1750267BB0C900F6CD70 /* Constants.swift in Sources */,
				1A3F1741267B9FEB00F6CD70 /* HomeVC.swift in Sources */,
				1A3F1748267BAD4300F6CD70 /* RandomArt.xcdatamodeld in Sources */,
				1A3F1744267BACB000F6CD70 /* ApiController.swift in Sources */,
				1A3F174C267BAE6E00F6CD70 /* Department+Convenience.swift in Sources */,
				1A3F173F267B9FCD00F6CD70 /* MainCoordinator.swift in Sources */,
				1A3F1726267B9DE800F6CD70 /* SceneDelegate.swift in Sources */,
				1A3F173D267B9FBC00F6CD70 /* Coordinator.swift in Sources */,
				1A3F174E267BAF1A00F6CD70 /* DepartmentRepresentation.swift in Sources */,
				1A3F174A267BAD6C00F6CD70 /* CoreDataStack.swift in Sources */,
			);
			runOnlyForDeploymentPostprocessing = 0;
		};
/* End PBXSourcesBuildPhase section */

/* Begin PBXVariantGroup section */
		1A3F172E267B9DEC00F6CD70 /* LaunchScreen.storyboard */ = {
			isa = PBXVariantGroup;
			children = (
				1A3F172F267B9DEC00F6CD70 /* Base */,
			);
			name = LaunchScreen.storyboard;
			sourceTree = "<group>";
		};
/* End PBXVariantGroup section */

/* Begin XCBuildConfiguration section */
		1A3F1732267B9DED00F6CD70 /* Debug */ = {
			isa = XCBuildConfiguration;
			buildSettings = {
				ALWAYS_SEARCH_USER_PATHS = NO;
				CLANG_ANALYZER_NONNULL = YES;
				CLANG_ANALYZER_NUMBER_OBJECT_CONVERSION = YES_AGGRESSIVE;
				CLANG_CXX_LANGUAGE_STANDARD = "gnu++14";
				CLANG_CXX_LIBRARY = "libc++";
				CLANG_ENABLE_MODULES = YES;
				CLANG_ENABLE_OBJC_ARC = YES;
				CLANG_ENABLE_OBJC_WEAK = YES;
				CLANG_WARN_BLOCK_CAPTURE_AUTORELEASING = YES;
				CLANG_WARN_BOOL_CONVERSION = YES;
				CLANG_WARN_COMMA = YES;
				CLANG_WARN_CONSTANT_CONVERSION = YES;
				CLANG_WARN_DEPRECATED_OBJC_IMPLEMENTATIONS = YES;
				CLANG_WARN_DIRECT_OBJC_ISA_USAGE = YES_ERROR;
				CLANG_WARN_DOCUMENTATION_COMMENTS = YES;
				CLANG_WARN_EMPTY_BODY = YES;
				CLANG_WARN_ENUM_CONVERSION = YES;
				CLANG_WARN_INFINITE_RECURSION = YES;
				CLANG_WARN_INT_CONVERSION = YES;
				CLANG_WARN_NON_LITERAL_NULL_CONVERSION = YES;
				CLANG_WARN_OBJC_IMPLICIT_RETAIN_SELF = YES;
				CLANG_WARN_OBJC_LITERAL_CONVERSION = YES;
				CLANG_WARN_OBJC_ROOT_CLASS = YES_ERROR;
				CLANG_WARN_QUOTED_INCLUDE_IN_FRAMEWORK_HEADER = YES;
				CLANG_WARN_RANGE_LOOP_ANALYSIS = YES;
				CLANG_WARN_STRICT_PROTOTYPES = YES;
				CLANG_WARN_SUSPICIOUS_MOVE = YES;
				CLANG_WARN_UNGUARDED_AVAILABILITY = YES_AGGRESSIVE;
				CLANG_WARN_UNREACHABLE_CODE = YES;
				CLANG_WARN__DUPLICATE_METHOD_MATCH = YES;
				COPY_PHASE_STRIP = NO;
				DEBUG_INFORMATION_FORMAT = dwarf;
				ENABLE_STRICT_OBJC_MSGSEND = YES;
				ENABLE_TESTABILITY = YES;
				GCC_C_LANGUAGE_STANDARD = gnu11;
				GCC_DYNAMIC_NO_PIC = NO;
				GCC_NO_COMMON_BLOCKS = YES;
				GCC_OPTIMIZATION_LEVEL = 0;
				GCC_PREPROCESSOR_DEFINITIONS = (
					"DEBUG=1",
					"$(inherited)",
				);
				GCC_WARN_64_TO_32_BIT_CONVERSION = YES;
				GCC_WARN_ABOUT_RETURN_TYPE = YES_ERROR;
				GCC_WARN_UNDECLARED_SELECTOR = YES;
				GCC_WARN_UNINITIALIZED_AUTOS = YES_AGGRESSIVE;
				GCC_WARN_UNUSED_FUNCTION = YES;
				GCC_WARN_UNUSED_VARIABLE = YES;
				IPHONEOS_DEPLOYMENT_TARGET = 13.0;
				MTL_ENABLE_DEBUG_INFO = INCLUDE_SOURCE;
				MTL_FAST_MATH = YES;
				ONLY_ACTIVE_ARCH = YES;
				SDKROOT = iphoneos;
				SWIFT_ACTIVE_COMPILATION_CONDITIONS = DEBUG;
				SWIFT_OPTIMIZATION_LEVEL = "-Onone";
			};
			name = Debug;
		};
		1A3F1733267B9DED00F6CD70 /* Release */ = {
			isa = XCBuildConfiguration;
			buildSettings = {
				ALWAYS_SEARCH_USER_PATHS = NO;
				CLANG_ANALYZER_NONNULL = YES;
				CLANG_ANALYZER_NUMBER_OBJECT_CONVERSION = YES_AGGRESSIVE;
				CLANG_CXX_LANGUAGE_STANDARD = "gnu++14";
				CLANG_CXX_LIBRARY = "libc++";
				CLANG_ENABLE_MODULES = YES;
				CLANG_ENABLE_OBJC_ARC = YES;
				CLANG_ENABLE_OBJC_WEAK = YES;
				CLANG_WARN_BLOCK_CAPTURE_AUTORELEASING = YES;
				CLANG_WARN_BOOL_CONVERSION = YES;
				CLANG_WARN_COMMA = YES;
				CLANG_WARN_CONSTANT_CONVERSION = YES;
				CLANG_WARN_DEPRECATED_OBJC_IMPLEMENTATIONS = YES;
				CLANG_WARN_DIRECT_OBJC_ISA_USAGE = YES_ERROR;
				CLANG_WARN_DOCUMENTATION_COMMENTS = YES;
				CLANG_WARN_EMPTY_BODY = YES;
				CLANG_WARN_ENUM_CONVERSION = YES;
				CLANG_WARN_INFINITE_RECURSION = YES;
				CLANG_WARN_INT_CONVERSION = YES;
				CLANG_WARN_NON_LITERAL_NULL_CONVERSION = YES;
				CLANG_WARN_OBJC_IMPLICIT_RETAIN_SELF = YES;
				CLANG_WARN_OBJC_LITERAL_CONVERSION = YES;
				CLANG_WARN_OBJC_ROOT_CLASS = YES_ERROR;
				CLANG_WARN_QUOTED_INCLUDE_IN_FRAMEWORK_HEADER = YES;
				CLANG_WARN_RANGE_LOOP_ANALYSIS = YES;
				CLANG_WARN_STRICT_PROTOTYPES = YES;
				CLANG_WARN_SUSPICIOUS_MOVE = YES;
				CLANG_WARN_UNGUARDED_AVAILABILITY = YES_AGGRESSIVE;
				CLANG_WARN_UNREACHABLE_CODE = YES;
				CLANG_WARN__DUPLICATE_METHOD_MATCH = YES;
				COPY_PHASE_STRIP = NO;
				DEBUG_INFORMATION_FORMAT = "dwarf-with-dsym";
				ENABLE_NS_ASSERTIONS = NO;
				ENABLE_STRICT_OBJC_MSGSEND = YES;
				GCC_C_LANGUAGE_STANDARD = gnu11;
				GCC_NO_COMMON_BLOCKS = YES;
				GCC_WARN_64_TO_32_BIT_CONVERSION = YES;
				GCC_WARN_ABOUT_RETURN_TYPE = YES_ERROR;
				GCC_WARN_UNDECLARED_SELECTOR = YES;
				GCC_WARN_UNINITIALIZED_AUTOS = YES_AGGRESSIVE;
				GCC_WARN_UNUSED_FUNCTION = YES;
				GCC_WARN_UNUSED_VARIABLE = YES;
				IPHONEOS_DEPLOYMENT_TARGET = 13.0;
				MTL_ENABLE_DEBUG_INFO = NO;
				MTL_FAST_MATH = YES;
				SDKROOT = iphoneos;
				SWIFT_COMPILATION_MODE = wholemodule;
				SWIFT_OPTIMIZATION_LEVEL = "-O";
				VALIDATE_PRODUCT = YES;
			};
			name = Release;
		};
		1A3F1735267B9DED00F6CD70 /* Debug */ = {
			isa = XCBuildConfiguration;
			buildSettings = {
				ASSETCATALOG_COMPILER_APPICON_NAME = AppIcon;
				ASSETCATALOG_COMPILER_GLOBAL_ACCENT_COLOR_NAME = AccentColor;
				CODE_SIGN_STYLE = Automatic;
				DEVELOPMENT_TEAM = 739A4FRA34;
				INFOPLIST_FILE = RandomArt/Info.plist;
				IPHONEOS_DEPLOYMENT_TARGET = 13.0;
				LD_RUNPATH_SEARCH_PATHS = (
					"$(inherited)",
					"@executable_path/Frameworks",
				);
				PRODUCT_BUNDLE_IDENTIFIER = com.CoraJacobson.RandomArt;
				PRODUCT_NAME = "$(TARGET_NAME)";
				SWIFT_VERSION = 5.0;
				TARGETED_DEVICE_FAMILY = "1,2";
			};
			name = Debug;
		};
		1A3F1736267B9DED00F6CD70 /* Release */ = {
			isa = XCBuildConfiguration;
			buildSettings = {
				ASSETCATALOG_COMPILER_APPICON_NAME = AppIcon;
				ASSETCATALOG_COMPILER_GLOBAL_ACCENT_COLOR_NAME = AccentColor;
				CODE_SIGN_STYLE = Automatic;
				DEVELOPMENT_TEAM = 739A4FRA34;
				INFOPLIST_FILE = RandomArt/Info.plist;
				IPHONEOS_DEPLOYMENT_TARGET = 13.0;
				LD_RUNPATH_SEARCH_PATHS = (
					"$(inherited)",
					"@executable_path/Frameworks",
				);
				PRODUCT_BUNDLE_IDENTIFIER = com.CoraJacobson.RandomArt;
				PRODUCT_NAME = "$(TARGET_NAME)";
				SWIFT_VERSION = 5.0;
				TARGETED_DEVICE_FAMILY = "1,2";
			};
			name = Release;
		};
/* End XCBuildConfiguration section */

/* Begin XCConfigurationList section */
		1A3F171B267B9DE800F6CD70 /* Build configuration list for PBXProject "RandomArt" */ = {
			isa = XCConfigurationList;
			buildConfigurations = (
				1A3F1732267B9DED00F6CD70 /* Debug */,
				1A3F1733267B9DED00F6CD70 /* Release */,
			);
			defaultConfigurationIsVisible = 0;
			defaultConfigurationName = Release;
		};
		1A3F1734267B9DED00F6CD70 /* Build configuration list for PBXNativeTarget "RandomArt" */ = {
			isa = XCConfigurationList;
			buildConfigurations = (
				1A3F1735267B9DED00F6CD70 /* Debug */,
				1A3F1736267B9DED00F6CD70 /* Release */,
			);
			defaultConfigurationIsVisible = 0;
			defaultConfigurationName = Release;
		};
/* End XCConfigurationList section */

/* Begin XCVersionGroup section */
		1A3F1746267BAD4300F6CD70 /* RandomArt.xcdatamodeld */ = {
			isa = XCVersionGroup;
			children = (
				1A3F1747267BAD4300F6CD70 /* RandomArt.xcdatamodel */,
			);
			currentVersion = 1A3F1747267BAD4300F6CD70 /* RandomArt.xcdatamodel */;
			path = RandomArt.xcdatamodeld;
			sourceTree = "<group>";
			versionGroupType = wrapper.xcdatamodel;
		};
/* End XCVersionGroup section */
	};
	rootObject = 1A3F1718267B9DE700F6CD70 /* Project object */;
}
